
Microsoft Visual Studio Solution File, Format Version 12.00
# Visual Studio Version 17
VisualStudioVersion = 17.6.33723.286
MinimumVisualStudioVersion = 10.0.40219.1
Project("{9A19103F-16F7-4668-BE54-9A1E7A4F7556}") = "Lesson1.1", "Lesson1.1\Lesson1.1.csproj", "{D73A7D04-0B2D-4C42-89F3-5B2D4D214597}"
EndProject
Project("{9A19103F-16F7-4668-BE54-9A1E7A4F7556}") = "Lesson1.2", "Lesson1.2\Lesson1.2.csproj", "{E7C705B7-1845-4E76-A3A3-183808F2459C}"
EndProject
Project("{9A19103F-16F7-4668-BE54-9A1E7A4F7556}") = "Lesson1.3", "Lesson1.3\Lesson1.3.csproj", "{B6C9AA84-9468-4F46-8D92-7642599AA1D8}"
EndProject
Project("{9A19103F-16F7-4668-BE54-9A1E7A4F7556}") = "Lesson1.4", "Lesson1.4\Lesson1.4.csproj", "{3C546799-530A-4405-BABC-A5FC11560114}"
EndProject
Project("{9A19103F-16F7-4668-BE54-9A1E7A4F7556}") = "Lesson2.10", "Lesson2.10\Lesson2.10.csproj", "{2F98FC97-0CB7-411D-961D-E693705A2F0C}"
EndProject
Project("{9A19103F-16F7-4668-BE54-9A1E7A4F7556}") = "Lesson2.13", "Lesson2.13\Lesson2.13.csproj", "{5DF81CFF-3670-4C46-AC54-C411B1CAA0C4}"
EndProject
Project("{9A19103F-16F7-4668-BE54-9A1E7A4F7556}") = "Lesson2.15", "Lesson2.15\Lesson2.15.csproj", "{C386E953-5366-41A4-AAC6-335139DB5114}"
EndProject
Project("{9A19103F-16F7-4668-BE54-9A1E7A4F7556}") = "testSerialization", "testSerialization\testSerialization.csproj", "{2A3D5B6F-A4E6-4B65-8008-A7DD4631B08B}"
EndProject
Project("{9A19103F-16F7-4668-BE54-9A1E7A4F7556}") = "Lesson3.19", "Lesson3.19\Lesson3.19.csproj", "{D0A414E4-9947-40FF-A8B3-109D8FCD5FE9}"
EndProject
Project("{9A19103F-16F7-4668-BE54-9A1E7A4F7556}") = "Lesson3.21", "Lesson3.21\Lesson3.21.csproj", "{4E5A56F8-3A0C-4A57-A725-373D52AE538D}"
EndProject
Project("{9A19103F-16F7-4668-BE54-9A1E7A4F7556}") = "Lesson3.23", "Lesson3.23\Lesson3.23.csproj", "{EF5ADDCA-52D7-44FF-99C2-70A27ACED6D9}"
EndProject
Project("{9A19103F-16F7-4668-BE54-9A1E7A4F7556}") = "Tests", "Tests\Tests.csproj", "{1145F777-170F-407A-ADD1-9D6B69DC2D26}"
EndProject
Project("{9A19103F-16F7-4668-BE54-9A1E7A4F7556}") = "Lesson4", "Lesson4\Lesson4.csproj", "{69CDF296-B9EF-4E00-BA42-4B25B866D3ED}"
EndProject
Project("{9A19103F-16F7-4668-BE54-9A1E7A4F7556}") = "Lesson5", "Lesson5\Lesson5.csproj", "{AE72EBFA-8D10-40D2-A2E2-A81978081885}"
EndProject
Project("{9A19103F-16F7-4668-BE54-9A1E7A4F7556}") = "Lesson6", "Lesson6\Lesson6.csproj", "{2FE796E6-3A1C-4032-AFD3-9F1A1FDED0E4}"
EndProject
Project("{FAE04EC0-301F-11D3-BF4B-00C04F79EFBC}") = "Lesson7", "Lesson7\Lesson7.csproj", "{8BF17282-9371-4772-9978-21E8454EF099}"
EndProject
Global
	GlobalSection(SolutionConfigurationPlatforms) = preSolution
		Debug|Any CPU = Debug|Any CPU
		Release|Any CPU = Release|Any CPU
	EndGlobalSection
	GlobalSection(ProjectConfigurationPlatforms) = postSolution
		{D73A7D04-0B2D-4C42-89F3-5B2D4D214597}.Debug|Any CPU.ActiveCfg = Debug|Any CPU
		{D73A7D04-0B2D-4C42-89F3-5B2D4D214597}.Debug|Any CPU.Build.0 = Debug|Any CPU
		{D73A7D04-0B2D-4C42-89F3-5B2D4D214597}.Release|Any CPU.ActiveCfg = Release|Any CPU
		{D73A7D04-0B2D-4C42-89F3-5B2D4D214597}.Release|Any CPU.Build.0 = Release|Any CPU
		{E7C705B7-1845-4E76-A3A3-183808F2459C}.Debug|Any CPU.ActiveCfg = Debug|Any CPU
		{E7C705B7-1845-4E76-A3A3-183808F2459C}.Debug|Any CPU.Build.0 = Debug|Any CPU
		{E7C705B7-1845-4E76-A3A3-183808F2459C}.Release|Any CPU.ActiveCfg = Release|Any CPU
		{E7C705B7-1845-4E76-A3A3-183808F2459C}.Release|Any CPU.Build.0 = Release|Any CPU
		{B6C9AA84-9468-4F46-8D92-7642599AA1D8}.Debug|Any CPU.ActiveCfg = Debug|Any CPU
		{B6C9AA84-9468-4F46-8D92-7642599AA1D8}.Debug|Any CPU.Build.0 = Debug|Any CPU
		{B6C9AA84-9468-4F46-8D92-7642599AA1D8}.Release|Any CPU.ActiveCfg = Release|Any CPU
		{B6C9AA84-9468-4F46-8D92-7642599AA1D8}.Release|Any CPU.Build.0 = Release|Any CPU
		{3C546799-530A-4405-BABC-A5FC11560114}.Debug|Any CPU.ActiveCfg = Debug|Any CPU
		{3C546799-530A-4405-BABC-A5FC11560114}.Debug|Any CPU.Build.0 = Debug|Any CPU
		{3C546799-530A-4405-BABC-A5FC11560114}.Release|Any CPU.ActiveCfg = Release|Any CPU
		{3C546799-530A-4405-BABC-A5FC11560114}.Release|Any CPU.Build.0 = Release|Any CPU
		{2F98FC97-0CB7-411D-961D-E693705A2F0C}.Debug|Any CPU.ActiveCfg = Debug|Any CPU
		{2F98FC97-0CB7-411D-961D-E693705A2F0C}.Debug|Any CPU.Build.0 = Debug|Any CPU
		{2F98FC97-0CB7-411D-961D-E693705A2F0C}.Release|Any CPU.ActiveCfg = Release|Any CPU
		{2F98FC97-0CB7-411D-961D-E693705A2F0C}.Release|Any CPU.Build.0 = Release|Any CPU
		{5DF81CFF-3670-4C46-AC54-C411B1CAA0C4}.Debug|Any CPU.ActiveCfg = Debug|Any CPU
		{5DF81CFF-3670-4C46-AC54-C411B1CAA0C4}.Debug|Any CPU.Build.0 = Debug|Any CPU
		{5DF81CFF-3670-4C46-AC54-C411B1CAA0C4}.Release|Any CPU.ActiveCfg = Release|Any CPU
		{5DF81CFF-3670-4C46-AC54-C411B1CAA0C4}.Release|Any CPU.Build.0 = Release|Any CPU
		{C386E953-5366-41A4-AAC6-335139DB5114}.Debug|Any CPU.ActiveCfg = Debug|Any CPU
		{C386E953-5366-41A4-AAC6-335139DB5114}.Debug|Any CPU.Build.0 = Debug|Any CPU
		{C386E953-5366-41A4-AAC6-335139DB5114}.Release|Any CPU.ActiveCfg = Release|Any CPU
		{C386E953-5366-41A4-AAC6-335139DB5114}.Release|Any CPU.Build.0 = Release|Any CPU
		{2A3D5B6F-A4E6-4B65-8008-A7DD4631B08B}.Debug|Any CPU.ActiveCfg = Debug|Any CPU
		{2A3D5B6F-A4E6-4B65-8008-A7DD4631B08B}.Debug|Any CPU.Build.0 = Debug|Any CPU
		{2A3D5B6F-A4E6-4B65-8008-A7DD4631B08B}.Release|Any CPU.ActiveCfg = Release|Any CPU
		{2A3D5B6F-A4E6-4B65-8008-A7DD4631B08B}.Release|Any CPU.Build.0 = Release|Any CPU
		{D0A414E4-9947-40FF-A8B3-109D8FCD5FE9}.Debug|Any CPU.ActiveCfg = Debug|Any CPU
		{D0A414E4-9947-40FF-A8B3-109D8FCD5FE9}.Debug|Any CPU.Build.0 = Debug|Any CPU
		{D0A414E4-9947-40FF-A8B3-109D8FCD5FE9}.Release|Any CPU.ActiveCfg = Release|Any CPU
		{D0A414E4-9947-40FF-A8B3-109D8FCD5FE9}.Release|Any CPU.Build.0 = Release|Any CPU
		{4E5A56F8-3A0C-4A57-A725-373D52AE538D}.Debug|Any CPU.ActiveCfg = Debug|Any CPU
		{4E5A56F8-3A0C-4A57-A725-373D52AE538D}.Debug|Any CPU.Build.0 = Debug|Any CPU
		{4E5A56F8-3A0C-4A57-A725-373D52AE538D}.Release|Any CPU.ActiveCfg = Release|Any CPU
		{4E5A56F8-3A0C-4A57-A725-373D52AE538D}.Release|Any CPU.Build.0 = Release|Any CPU
		{EF5ADDCA-52D7-44FF-99C2-70A27ACED6D9}.Debug|Any CPU.ActiveCfg = Debug|Any CPU
		{EF5ADDCA-52D7-44FF-99C2-70A27ACED6D9}.Debug|Any CPU.Build.0 = Debug|Any CPU
		{EF5ADDCA-52D7-44FF-99C2-70A27ACED6D9}.Release|Any CPU.ActiveCfg = Release|Any CPU
		{EF5ADDCA-52D7-44FF-99C2-70A27ACED6D9}.Release|Any CPU.Build.0 = Release|Any CPU
		{1145F777-170F-407A-ADD1-9D6B69DC2D26}.Debug|Any CPU.ActiveCfg = Debug|Any CPU
		{1145F777-170F-407A-ADD1-9D6B69DC2D26}.Debug|Any CPU.Build.0 = Debug|Any CPU
		{1145F777-170F-407A-ADD1-9D6B69DC2D26}.Release|Any CPU.ActiveCfg = Release|Any CPU
		{1145F777-170F-407A-ADD1-9D6B69DC2D26}.Release|Any CPU.Build.0 = Release|Any CPU
		{69CDF296-B9EF-4E00-BA42-4B25B866D3ED}.Debug|Any CPU.ActiveCfg = Debug|Any CPU
		{69CDF296-B9EF-4E00-BA42-4B25B866D3ED}.Debug|Any CPU.Build.0 = Debug|Any CPU
		{69CDF296-B9EF-4E00-BA42-4B25B866D3ED}.Release|Any CPU.ActiveCfg = Release|Any CPU
		{69CDF296-B9EF-4E00-BA42-4B25B866D3ED}.Release|Any CPU.Build.0 = Release|Any CPU
		{AE72EBFA-8D10-40D2-A2E2-A81978081885}.Debug|Any CPU.ActiveCfg = Debug|Any CPU
		{AE72EBFA-8D10-40D2-A2E2-A81978081885}.Debug|Any CPU.Build.0 = Debug|Any CPU
		{AE72EBFA-8D10-40D2-A2E2-A81978081885}.Release|Any CPU.ActiveCfg = Release|Any CPU
		{AE72EBFA-8D10-40D2-A2E2-A81978081885}.Release|Any CPU.Build.0 = Release|Any CPU
		{2FE796E6-3A1C-4032-AFD3-9F1A1FDED0E4}.Debug|Any CPU.ActiveCfg = Debug|Any CPU
		{2FE796E6-3A1C-4032-AFD3-9F1A1FDED0E4}.Debug|Any CPU.Build.0 = Debug|Any CPU
		{2FE796E6-3A1C-4032-AFD3-9F1A1FDED0E4}.Release|Any CPU.ActiveCfg = Release|Any CPU
		{2FE796E6-3A1C-4032-AFD3-9F1A1FDED0E4}.Release|Any CPU.Build.0 = Release|Any CPU
		{8BF17282-9371-4772-9978-21E8454EF099}.Debug|Any CPU.ActiveCfg = Debug|Any CPU
		{8BF17282-9371-4772-9978-21E8454EF099}.Debug|Any CPU.Build.0 = Debug|Any CPU
		{8BF17282-9371-4772-9978-21E8454EF099}.Release|Any CPU.ActiveCfg = Release|Any CPU
		{8BF17282-9371-4772-9978-21E8454EF099}.Release|Any CPU.Build.0 = Release|Any CPU
	EndGlobalSection
	GlobalSection(SolutionProperties) = preSolution
		HideSolutionNode = FALSE
	EndGlobalSection
	GlobalSection(ExtensibilityGlobals) = postSolution
		SolutionGuid = {6F4C775B-A7EB-4EB0-B16D-F0AD590E84AF}
	EndGlobalSection
EndGlobal
